# This file is autogenerated, do not edit; changes may be undone by the next 'dep ensure'.


[[projects]]
  branch = "master"
  digest = "1:673c9c345144a4a631ae6f97a80e119367ad2d898306fcb05e64ce29d3b834d5"
  name = "github.com/axgle/mahonia"
  packages = ["."]
  pruneopts = "UT"
  revision = "3358181d7394e26beccfae0ffde05193ef3be33a"

[[projects]]
  branch = "master"
  digest = "1:6b4ad9d502366926c518065e95a09137034365b971112f4735accb452b3cb940"
  name = "github.com/axgle/pinyin"
  packages = ["."]
  pruneopts = "UT"
  revision = "d1557e083be4122f6f10a762a0e2839c36e1a13b"

[[projects]]
  branch = "master"
  digest = "1:3474fd67b98ac29b6fb7b164306063e9fd380b061a2fb9ba80f6e0a6444102bb"
  name = "github.com/bluele/gcache"
  packages = ["."]
  pruneopts = "UT"
  revision = "bc40bd6538339bd4be8cb0b48fc33fdf012ddb6e"

[[projects]]
  branch = "master"
  digest = "1:36b232d4f8e5a32ef87fe178ee91851bf80cc09328e07e7306bc9b0c7ff5bb90"
  name = "github.com/glycerine/rbuf"
  packages = ["."]
  pruneopts = "UT"
  revision = "75b78581bebe959bc9a3df4c5f64e82c187d7531"

[[projects]]
  digest = "1:4d2e5a73dc1500038e504a8d78b986630e3626dc027bc030ba5c75da257cdb96"
  name = "github.com/go-yaml/yaml"
  packages = ["."]
  pruneopts = "UT"
  revision = "51d6538a90f86fe93ac480b35f37b2be17fef232"
  version = "v2.2.2"

[[projects]]
  branch = "master"
  digest = "1:205b3c069003f9d1458e4304427ab3652d8d7bac3bde1568a2d5486451e453bd"
  name = "github.com/goji/httpauth"
  packages = ["."]
  pruneopts = "UT"
  revision = "2da839ab0f4df05a6db5eb277995589dadbd4fb9"

[[projects]]
  branch = "master"
  digest = "1:f14d1b50e0075fb00177f12a96dd7addf93d1e2883c25befd17285b779549795"
  name = "github.com/gopherjs/gopherjs"
  packages = ["js"]
  pruneopts = "UT"
  revision = "3e4dfb77656c424b6d1196a4d5fed0fcf63677cc"

[[projects]]
  digest = "1:cbec35fe4d5a4fba369a656a8cd65e244ea2c743007d8f6c1ccb132acf9d1296"
  name = "github.com/gorilla/mux"
  packages = ["."]
  pruneopts = "UT"
  revision = "00bdffe0f3c77e27d2cf6f5c70232a2d3e4d9c15"
  version = "v1.7.3"

[[projects]]
  digest = "1:7b5c6e2eeaa9ae5907c391a91c132abfd5c9e8a784a341b5625e750c67e6825d"
  name = "github.com/gorilla/websocket"
  packages = ["."]
  pruneopts = "UT"
  revision = "66b9c49e59c6c48f0ffce28c2d8b8a5678502c6d"
  version = "v1.4.0"

[[projects]]
  digest = "1:095d35650c3d8436073f2ef10e666771f044f574ba24f5840e057ae2cec2556a"
  name = "github.com/imroc/req"
  packages = ["."]
  pruneopts = "UT"
  revision = "1c31a6577f8dc9552e6032f94f5d0ed2f0b7d1f3"
  version = "v0.2.4"

[[projects]]
  digest = "1:4b63210654b1f2b664f74ec434a1bb1cb442b3d75742cc064a10808d1cca6361"
  name = "github.com/jtolds/gls"
  packages = ["."]
  pruneopts = "UT"
  revision = "b4936e06046bbecbb94cae9c18127ebe510a2cb9"
  version = "v4.20"

[[projects]]
  digest = "1:e30ac47ee84d7d354e0a284cf742e3015400667e90aa3d6ae99c7a55da67c645"
  name = "github.com/kennygrant/sanitize"
  packages = ["."]
  pruneopts = "UT"
  revision = "06ec0d0dbcd497d01e5189b16f5263f712e61a8e"
  version = "v1.2.4"

[[projects]]
  branch = "master"
  digest = "1:97ebe5bf4e0b631772c0cbc101d7e74e9202f4c4e3b8c911439ffa53aba70f82"
  name = "github.com/lunny/dingtalk_webhook"
  packages = ["."]
  pruneopts = "UT"
  revision = "e3534c89ef969912856dfa39e56b09e58c5f5daf"

[[projects]]
  branch = "master"
  digest = "1:56aff9bb73896906956fee6927207393212bfaa732c1aab4feaf29de4b1418e9"
  name = "github.com/mitchellh/go-ps"
  packages = ["."]
  pruneopts = "UT"
  revision = "621e5597135b1d14a7d9c2bfc7bc312e7c58463c"

[[projects]]
  digest = "1:c805e517269b0ba4c21ded5836019ed7d16953d4026cb7d00041d039c7906be9"
  name = "github.com/natefinch/lumberjack"
  packages = ["."]
  pruneopts = "UT"
  revision = "a96e63847dc3c67d17befa69c303767e2f84e54f"
  version = "v2.1"

[[projects]]
  digest = "1:52c4d42e54d0bc3e5ab23cb991ffdfa5b88164f1b8fe400676c27a95b6138723"
  name = "github.com/qiniu/log"
  packages = ["."]
  pruneopts = "UT"
  revision = "891d1cb5f635d169c0afc9f660a7f871bb01bb9c"
  version = "v1.0.00"

[[projects]]
  branch = "master"
  digest = "1:68cecd4c1137f77dfa2db1f13a0ceef2b5606d6b69d66fa69f7df1b2f2fe9afc"
  name = "github.com/shurcooL/httpfs"
  packages = ["vfsutil"]
  pruneopts = "UT"
  revision = "8d4bc4ba774931155e6cd5ef6098cb038dd45135"

[[projects]]
  branch = "master"
  digest = "1:98450c86949b8cdc4637b80c1c686ca955e503d3fbae9296d1f49c532895d281"
  name = "github.com/shurcooL/vfsgen"
  packages = ["."]
  pruneopts = "UT"
  revision = "6a9ea43bcacdf716a5c1b38efff722c07adf0069"

[[projects]]
  digest = "1:237af0cf68bac89e21af72e6cd6b64f388854895e75f82ad08c6c011e1a8286c"
  name = "github.com/smartystreets/assertions"
  packages = [
    ".",
    "internal/go-diff/diffmatchpatch",
    "internal/go-render/render",
    "internal/oglematchers",
  ]
  pruneopts = "UT"
  revision = "f487f9de1cd36ebab28235b9373028812fb47cbd"
  version = "1.10.1"

[[projects]]
  digest = "1:a3e081e593ee8e3b0a9af6a5dcac964c67a40c4f2034b5345b2ad78d05920728"
  name = "github.com/smartystreets/goconvey"
  packages = [
    "convey",
    "convey/gotest",
    "convey/reporting",
  ]
  pruneopts = "UT"
  revision = "9e8dc3f972df6c8fcc0375ef492c24d0bb204857"
  version = "1.6.3"

[[projects]]
  digest = "1:6336e454f92a6b5676010b24b9d8def2a82e32fdc58059e906ed658dbb13279f"
  name = "github.com/soopsio/gosuv"
  packages = [
    "gops",
    "pushover",
  ]
  pruneopts = "UT"
  revision = "ec4ce7bf8b6957cd81ac157bdbd9a0a18909ba90"
  version = "0.1.1"

[[projects]]
  branch = "master"
  digest = "1:c07c88cc69010e57b5535b08251421195b51e8add3a3a0a8592fb521ea688bc1"
  name = "github.com/soopsio/kexec"
  packages = ["."]
  pruneopts = "UT"
  revision = "863094f94c7fb7c235764bf8f0f79cccea78c8eb"

[[projects]]
  digest = "1:b24d38b282bacf9791408a080f606370efa3d364e4b5fd9ba0f7b87786d3b679"
  name = "github.com/urfave/cli"
  packages = ["."]
  pruneopts = "UT"
  revision = "cfb38830724cc34fedffe9a2a29fb54fa9169cd1"
  version = "v1.20.0"

[[projects]]
  branch = "master"
  digest = "1:d7b978a787736537d0ad2f84c0e8b75b05c2febef0537198e28edf1cf2768afd"
  name = "golang.org/x/net"
  packages = [
    "html",
    "html/atom",
  ]
  pruneopts = "UT"
  revision = "da137c7871d730100384dbcf36e6f8fa493aef5b"

[solve-meta]
  analyzer-name = "dep"
  analyzer-version = 1
  input-imports = [
    "github.com/axgle/pinyin",
    "github.com/bluele/gcache",
    "github.com/glycerine/rbuf",
    "github.com/go-yaml/yaml",
    "github.com/goji/httpauth",
    "github.com/gorilla/mux",
    "github.com/gorilla/websocket",
    "github.com/imroc/req",
    "github.com/kennygrant/sanitize",
    "github.com/lunny/dingtalk_webhook",
    "github.com/mitchellh/go-ps",
    "github.com/natefinch/lumberjack",
    "github.com/qiniu/log",
    "github.com/shurcooL/vfsgen",
    "github.com/smartystreets/goconvey/convey",
    "github.com/soopsio/gosuv/gops",
    "github.com/soopsio/gosuv/pushover",
    "github.com/soopsio/kexec",
    "github.com/urfave/cli",
  ]
  solver-name = "gps-cdcl"
  solver-version = 1
